
Microsoft Visual Studio Solution File, Format Version 12.00
# Visual Studio Version 17
VisualStudioVersion = 17.8.34330.188
MinimumVisualStudioVersion = 10.0.40219.1
Project("{9A19103F-16F7-4668-BE54-9A1E7A4F7556}") = "GruppProjekt_Grupp16_CV", "GruppProjekt Grupp16 CV\GruppProjekt_Grupp16_CV.csproj", "{10EB00B5-075D-4787-84C5-A1F973821D7E}"
EndProject
Project("{9A19103F-16F7-4668-BE54-9A1E7A4F7556}") = "Models", "ML\Models.csproj", "{1897E549-C798-4D32-BBC5-C781C58F48AA}"
EndProject
Global
	GlobalSection(SolutionConfigurationPlatforms) = preSolution
		Debug|Any CPU = Debug|Any CPU
		Release|Any CPU = Release|Any CPU
	EndGlobalSection
	GlobalSection(ProjectConfigurationPlatforms) = postSolution
		{10EB00B5-075D-4787-84C5-A1F973821D7E}.Debug|Any CPU.ActiveCfg = Debug|Any CPU
		{10EB00B5-075D-4787-84C5-A1F973821D7E}.Debug|Any CPU.Build.0 = Debug|Any CPU
		{10EB00B5-075D-4787-84C5-A1F973821D7E}.Release|Any CPU.ActiveCfg = Release|Any CPU
		{10EB00B5-075D-4787-84C5-A1F973821D7E}.Release|Any CPU.Build.0 = Release|Any CPU
		{1897E549-C798-4D32-BBC5-C781C58F48AA}.Debug|Any CPU.ActiveCfg = Debug|Any CPU
		{1897E549-C798-4D32-BBC5-C781C58F48AA}.Debug|Any CPU.Build.0 = Debug|Any CPU
		{1897E549-C798-4D32-BBC5-C781C58F48AA}.Release|Any CPU.ActiveCfg = Release|Any CPU
		{1897E549-C798-4D32-BBC5-C781C58F48AA}.Release|Any CPU.Build.0 = Release|Any CPU
	EndGlobalSection
	GlobalSection(SolutionProperties) = preSolution
		HideSolutionNode = FALSE
	EndGlobalSection
	GlobalSection(ExtensibilityGlobals) = postSolution
		SolutionGuid = {C9D82FB9-1D00-4442-A6EC-801DA9385179}
	EndGlobalSection
EndGlobal
